
Microsoft Visual Studio Solution File, Format Version 12.00
# Visual Studio Version 16
VisualStudioVersion = 16.0.31105.61
MinimumVisualStudioVersion = 10.0.40219.1
Project("{FAE04EC0-301F-11D3-BF4B-00C04F79EFBC}") = "TravelRecordApp.Android", "TravelRecordApp\TravelRecordApp.Android\TravelRecordApp.Android.csproj", "{33460850-0501-405E-A96A-8CEB8CB8A8C4}"
EndProject
Project("{FAE04EC0-301F-11D3-BF4B-00C04F79EFBC}") = "TravelRecordApp.iOS", "TravelRecordApp\TravelRecordApp.iOS\TravelRecordApp.iOS.csproj", "{FA3AFAB4-3C56-4EF6-A8B9-EAE187D3B340}"
EndProject
Project("{FAE04EC0-301F-11D3-BF4B-00C04F79EFBC}") = "TravelRecordApp", "TravelRecordApp\TravelRecordApp\TravelRecordApp.csproj", "{DB70FAC6-966B-4BCE-890A-23AED3B7516B}"
EndProject
Global
	GlobalSection(SolutionConfigurationPlatforms) = preSolution
		Debug|Any CPU = Debug|Any CPU
		Debug|iPhone = Debug|iPhone
		Debug|iPhoneSimulator = Debug|iPhoneSimulator
		Release|Any CPU = Release|Any CPU
		Release|iPhone = Release|iPhone
		Release|iPhoneSimulator = Release|iPhoneSimulator
	EndGlobalSection
	GlobalSection(ProjectConfigurationPlatforms) = postSolution
		{33460850-0501-405E-A96A-8CEB8CB8A8C4}.Debug|Any CPU.ActiveCfg = Debug|Any CPU
		{33460850-0501-405E-A96A-8CEB8CB8A8C4}.Debug|Any CPU.Build.0 = Debug|Any CPU
		{33460850-0501-405E-A96A-8CEB8CB8A8C4}.Debug|Any CPU.Deploy.0 = Debug|Any CPU
		{33460850-0501-405E-A96A-8CEB8CB8A8C4}.Debug|iPhone.ActiveCfg = Debug|Any CPU
		{33460850-0501-405E-A96A-8CEB8CB8A8C4}.Debug|iPhone.Build.0 = Debug|Any CPU
		{33460850-0501-405E-A96A-8CEB8CB8A8C4}.Debug|iPhone.Deploy.0 = Debug|Any CPU
		{33460850-0501-405E-A96A-8CEB8CB8A8C4}.Debug|iPhoneSimulator.ActiveCfg = Debug|Any CPU
		{33460850-0501-405E-A96A-8CEB8CB8A8C4}.Debug|iPhoneSimulator.Build.0 = Debug|Any CPU
		{33460850-0501-405E-A96A-8CEB8CB8A8C4}.Debug|iPhoneSimulator.Deploy.0 = Debug|Any CPU
		{33460850-0501-405E-A96A-8CEB8CB8A8C4}.Release|Any CPU.ActiveCfg = Release|Any CPU
		{33460850-0501-405E-A96A-8CEB8CB8A8C4}.Release|Any CPU.Build.0 = Release|Any CPU
		{33460850-0501-405E-A96A-8CEB8CB8A8C4}.Release|Any CPU.Deploy.0 = Release|Any CPU
		{33460850-0501-405E-A96A-8CEB8CB8A8C4}.Release|iPhone.ActiveCfg = Release|Any CPU
		{33460850-0501-405E-A96A-8CEB8CB8A8C4}.Release|iPhone.Build.0 = Release|Any CPU
		{33460850-0501-405E-A96A-8CEB8CB8A8C4}.Release|iPhone.Deploy.0 = Release|Any CPU
		{33460850-0501-405E-A96A-8CEB8CB8A8C4}.Release|iPhoneSimulator.ActiveCfg = Release|Any CPU
		{33460850-0501-405E-A96A-8CEB8CB8A8C4}.Release|iPhoneSimulator.Build.0 = Release|Any CPU
		{33460850-0501-405E-A96A-8CEB8CB8A8C4}.Release|iPhoneSimulator.Deploy.0 = Release|Any CPU
		{FA3AFAB4-3C56-4EF6-A8B9-EAE187D3B340}.Debug|Any CPU.ActiveCfg = Debug|iPhone
		{FA3AFAB4-3C56-4EF6-A8B9-EAE187D3B340}.Debug|Any CPU.Build.0 = Debug|iPhone
		{FA3AFAB4-3C56-4EF6-A8B9-EAE187D3B340}.Debug|Any CPU.Deploy.0 = Debug|iPhone
		{FA3AFAB4-3C56-4EF6-A8B9-EAE187D3B340}.Debug|iPhone.ActiveCfg = Debug|iPhone
		{FA3AFAB4-3C56-4EF6-A8B9-EAE187D3B340}.Debug|iPhone.Build.0 = Debug|iPhone
		{FA3AFAB4-3C56-4EF6-A8B9-EAE187D3B340}.Debug|iPhone.Deploy.0 = Debug|iPhone
		{FA3AFAB4-3C56-4EF6-A8B9-EAE187D3B340}.Debug|iPhoneSimulator.ActiveCfg = Debug|iPhoneSimulator
		{FA3AFAB4-3C56-4EF6-A8B9-EAE187D3B340}.Debug|iPhoneSimulator.Build.0 = Debug|iPhoneSimulator
		{FA3AFAB4-3C56-4EF6-A8B9-EAE187D3B340}.Debug|iPhoneSimulator.Deploy.0 = Debug|iPhoneSimulator
		{FA3AFAB4-3C56-4EF6-A8B9-EAE187D3B340}.Release|Any CPU.ActiveCfg = Release|iPhoneSimulator
		{FA3AFAB4-3C56-4EF6-A8B9-EAE187D3B340}.Release|Any CPU.Build.0 = Release|iPhoneSimulator
		{FA3AFAB4-3C56-4EF6-A8B9-EAE187D3B340}.Release|Any CPU.Deploy.0 = Release|iPhoneSimulator
		{FA3AFAB4-3C56-4EF6-A8B9-EAE187D3B340}.Release|iPhone.ActiveCfg = Release|iPhone
		{FA3AFAB4-3C56-4EF6-A8B9-EAE187D3B340}.Release|iPhone.Build.0 = Release|iPhone
		{FA3AFAB4-3C56-4EF6-A8B9-EAE187D3B340}.Release|iPhone.Deploy.0 = Release|iPhone
		{FA3AFAB4-3C56-4EF6-A8B9-EAE187D3B340}.Release|iPhoneSimulator.ActiveCfg = Release|iPhoneSimulator
		{FA3AFAB4-3C56-4EF6-A8B9-EAE187D3B340}.Release|iPhoneSimulator.Build.0 = Release|iPhoneSimulator
		{FA3AFAB4-3C56-4EF6-A8B9-EAE187D3B340}.Release|iPhoneSimulator.Deploy.0 = Release|iPhoneSimulator
		{DB70FAC6-966B-4BCE-890A-23AED3B7516B}.Debug|Any CPU.ActiveCfg = Debug|Any CPU
		{DB70FAC6-966B-4BCE-890A-23AED3B7516B}.Debug|Any CPU.Build.0 = Debug|Any CPU
		{DB70FAC6-966B-4BCE-890A-23AED3B7516B}.Debug|Any CPU.Deploy.0 = Debug|Any CPU
		{DB70FAC6-966B-4BCE-890A-23AED3B7516B}.Debug|iPhone.ActiveCfg = Debug|Any CPU
		{DB70FAC6-966B-4BCE-890A-23AED3B7516B}.Debug|iPhone.Build.0 = Debug|Any CPU
		{DB70FAC6-966B-4BCE-890A-23AED3B7516B}.Debug|iPhone.Deploy.0 = Debug|Any CPU
		{DB70FAC6-966B-4BCE-890A-23AED3B7516B}.Debug|iPhoneSimulator.ActiveCfg = Debug|Any CPU
		{DB70FAC6-966B-4BCE-890A-23AED3B7516B}.Debug|iPhoneSimulator.Build.0 = Debug|Any CPU
		{DB70FAC6-966B-4BCE-890A-23AED3B7516B}.Debug|iPhoneSimulator.Deploy.0 = Debug|Any CPU
		{DB70FAC6-966B-4BCE-890A-23AED3B7516B}.Release|Any CPU.ActiveCfg = Release|Any CPU
		{DB70FAC6-966B-4BCE-890A-23AED3B7516B}.Release|Any CPU.Build.0 = Release|Any CPU
		{DB70FAC6-966B-4BCE-890A-23AED3B7516B}.Release|Any CPU.Deploy.0 = Release|Any CPU
		{DB70FAC6-966B-4BCE-890A-23AED3B7516B}.Release|iPhone.ActiveCfg = Release|Any CPU
		{DB70FAC6-966B-4BCE-890A-23AED3B7516B}.Release|iPhone.Build.0 = Release|Any CPU
		{DB70FAC6-966B-4BCE-890A-23AED3B7516B}.Release|iPhone.Deploy.0 = Release|Any CPU
		{DB70FAC6-966B-4BCE-890A-23AED3B7516B}.Release|iPhoneSimulator.ActiveCfg = Release|Any CPU
		{DB70FAC6-966B-4BCE-890A-23AED3B7516B}.Release|iPhoneSimulator.Build.0 = Release|Any CPU
		{DB70FAC6-966B-4BCE-890A-23AED3B7516B}.Release|iPhoneSimulator.Deploy.0 = Release|Any CPU
	EndGlobalSection
	GlobalSection(SolutionProperties) = preSolution
		HideSolutionNode = FALSE
	EndGlobalSection
	GlobalSection(ExtensibilityGlobals) = postSolution
		SolutionGuid = {5210B4A0-69BE-47B3-9CFB-BFEC505D6353}
	EndGlobalSection
EndGlobal
